
Microsoft Visual Studio Solution File, Format Version 12.00
# Visual Studio Version 17
VisualStudioVersion = 17.12.35527.113
MinimumVisualStudioVersion = 10.0.40219.1
Project("{FAE04EC0-301F-11D3-BF4B-00C04F79EFBC}") = "PDFTranslate", "PDFTranslate\PDFTranslate.csproj", "{46D72B88-6BD0-41C9-BFA7-BC9486328761}"
EndProject
Project("{2150E333-8FDC-42A3-9474-1A3956D46DE8}") = "解决方案项", "解决方案项", "{9FA3D6BD-1EC1-3BA5-80CB-CE02773A58D5}"
	ProjectSection(SolutionItems) = preProject
		PDFTranslate\Fonts\NotoSansSC-6.ttf = PDFTranslate\Fonts\NotoSansSC-6.ttf
	EndProjectSection
EndProject
Global
	GlobalSection(SolutionConfigurationPlatforms) = preSolution
		Debug|Any CPU = Debug|Any CPU
		Release|Any CPU = Release|Any CPU
	EndGlobalSection
	GlobalSection(ProjectConfigurationPlatforms) = postSolution
		{46D72B88-6BD0-41C9-BFA7-BC9486328761}.Debug|Any CPU.ActiveCfg = Debug|Any CPU
		{46D72B88-6BD0-41C9-BFA7-BC9486328761}.Debug|Any CPU.Build.0 = Debug|Any CPU
		{46D72B88-6BD0-41C9-BFA7-BC9486328761}.Release|Any CPU.ActiveCfg = Release|Any CPU
		{46D72B88-6BD0-41C9-BFA7-BC9486328761}.Release|Any CPU.Build.0 = Release|Any CPU
	EndGlobalSection
	GlobalSection(SolutionProperties) = preSolution
		HideSolutionNode = FALSE
	EndGlobalSection
	GlobalSection(ExtensibilityGlobals) = postSolution
		SolutionGuid = {89F4AE38-F8EB-400E-AA41-F905A7BAC4A9}
	EndGlobalSection
EndGlobal
